
Microsoft Visual Studio Solution File, Format Version 12.00
# Visual Studio Version 16
VisualStudioVersion = 16.0.32929.386
MinimumVisualStudioVersion = 10.0.40219.1
Project("{D2ABAB84-BF74-430A-B69E-9DC6D40DDA17}") = "19HTTT2_04_Tableau_Mining", "19HTTT2_04_Tableau_Mining\19HTTT2_04_Tableau_Mining.dwproj", "{248A477D-C47E-4BE8-87EA-0AD0F2443E7E}"
EndProject
Global
	GlobalSection(SolutionConfigurationPlatforms) = preSolution
		Development|Default = Development|Default
	EndGlobalSection
	GlobalSection(ProjectConfigurationPlatforms) = postSolution
		{248A477D-C47E-4BE8-87EA-0AD0F2443E7E}.Development|Default.ActiveCfg = Development
		{248A477D-C47E-4BE8-87EA-0AD0F2443E7E}.Development|Default.Build.0 = Development
		{248A477D-C47E-4BE8-87EA-0AD0F2443E7E}.Development|Default.Deploy.0 = Development
	EndGlobalSection
	GlobalSection(SolutionProperties) = preSolution
		HideSolutionNode = FALSE
	EndGlobalSection
	GlobalSection(ExtensibilityGlobals) = postSolution
		SolutionGuid = {224CF013-D0DD-4290-8A56-540E5364856B}
	EndGlobalSection
EndGlobal
